
Microsoft Visual Studio Solution File, Format Version 12.00
# Visual Studio Version 17
VisualStudioVersion = 17.3.32901.215
MinimumVisualStudioVersion = 10.0.40219.1
Project("{FAE04EC0-301F-11D3-BF4B-00C04F79EFBC}") = "JeremyAnsel.Xwa.Workspace", "JeremyAnsel.Xwa.Workspace\JeremyAnsel.Xwa.Workspace.csproj", "{7555CE76-6067-45F1-9693-FBAAADCE0518}"
EndProject
Project("{FAE04EC0-301F-11D3-BF4B-00C04F79EFBC}") = "Documentation", "Documentation\Documentation.csproj", "{C0782985-ADBA-466C-911F-B32769190AFB}"
	ProjectSection(ProjectDependencies) = postProject
		{7555CE76-6067-45F1-9693-FBAAADCE0518} = {7555CE76-6067-45F1-9693-FBAAADCE0518}
	EndProjectSection
EndProject
Global
	GlobalSection(SolutionConfigurationPlatforms) = preSolution
		Debug|Any CPU = Debug|Any CPU
		Release|Any CPU = Release|Any CPU
	EndGlobalSection
	GlobalSection(ProjectConfigurationPlatforms) = postSolution
		{7555CE76-6067-45F1-9693-FBAAADCE0518}.Debug|Any CPU.ActiveCfg = Debug|Any CPU
		{7555CE76-6067-45F1-9693-FBAAADCE0518}.Debug|Any CPU.Build.0 = Debug|Any CPU
		{7555CE76-6067-45F1-9693-FBAAADCE0518}.Release|Any CPU.ActiveCfg = Release|Any CPU
		{7555CE76-6067-45F1-9693-FBAAADCE0518}.Release|Any CPU.Build.0 = Release|Any CPU
		{C0782985-ADBA-466C-911F-B32769190AFB}.Debug|Any CPU.ActiveCfg = Debug|Any CPU
		{C0782985-ADBA-466C-911F-B32769190AFB}.Release|Any CPU.ActiveCfg = Release|Any CPU
		{C0782985-ADBA-466C-911F-B32769190AFB}.Release|Any CPU.Build.0 = Release|Any CPU
	EndGlobalSection
	GlobalSection(SolutionProperties) = preSolution
		HideSolutionNode = FALSE
	EndGlobalSection
	GlobalSection(ExtensibilityGlobals) = postSolution
		SolutionGuid = {359EBBF9-9D7E-43C0-8D44-AF75EC55FCA2}
	EndGlobalSection
EndGlobal
